// !$*UTF8*$!
{
	archiveVersion = 1;
	classes = {
	};
	objectVersion = 51;
	objects = {

/* Begin PBXBuildFile section */
		005E159925FBBAB5003CD008 /* VaccineInfoTableViewCell.swift in Sources */ = {isa = PBXBuildFile; fileRef = 005E159725FBBAB5003CD008 /* VaccineInfoTableViewCell.swift */; };
		005E159A25FBBAB5003CD008 /* VaccineInfoTableViewCell.xib in Resources */ = {isa = PBXBuildFile; fileRef = 005E159825FBBAB5003CD008 /* VaccineInfoTableViewCell.xib */; };
		005E159D25FBBAE1003CD008 /* BlackHanSans-Regular.ttf in Resources */ = {isa = PBXBuildFile; fileRef = 005E159C25FBBAE1003CD008 /* BlackHanSans-Regular.ttf */; };
		005E15A225FBBDF9003CD008 /* VaccineInfoViewController.swift in Sources */ = {isa = PBXBuildFile; fileRef = 005E15A025FBBDF9003CD008 /* VaccineInfoViewController.swift */; };
		005E15A325FBBDF9003CD008 /* VaccineInfoViewController.xib in Resources */ = {isa = PBXBuildFile; fileRef = 005E15A125FBBDF9003CD008 /* VaccineInfoViewController.xib */; };
		005E15AC25FBC2FD003CD008 /* InfoTableViewHeader.swift in Sources */ = {isa = PBXBuildFile; fileRef = 005E15AB25FBC2FD003CD008 /* InfoTableViewHeader.swift */; };
		005E15B025FBC35C003CD008 /* InfoTableViewHeader.xib in Resources */ = {isa = PBXBuildFile; fileRef = 005E15AF25FBC35C003CD008 /* InfoTableViewHeader.xib */; };
		005E15BF25FBCEE1003CD008 /* MyPageViewController.swift in Sources */ = {isa = PBXBuildFile; fileRef = 005E15BD25FBCEE1003CD008 /* MyPageViewController.swift */; };
		005E15C025FBCEE1003CD008 /* MyPageViewController.xib in Resources */ = {isa = PBXBuildFile; fileRef = 005E15BE25FBCEE1003CD008 /* MyPageViewController.xib */; };
		005E15C825FC36AF003CD008 /* DetailViewController.swift in Sources */ = {isa = PBXBuildFile; fileRef = 005E15C625FC36AF003CD008 /* DetailViewController.swift */; };
		005E15C925FC36AF003CD008 /* DetailViewController.xib in Resources */ = {isa = PBXBuildFile; fileRef = 005E15C725FC36AF003CD008 /* DetailViewController.xib */; };
		005E15D225FC431D003CD008 /* ProfileSettingViewController.swift in Sources */ = {isa = PBXBuildFile; fileRef = 005E15D025FC431D003CD008 /* ProfileSettingViewController.swift */; };
		005E15D325FC431D003CD008 /* ProfileSettingViewController.xib in Resources */ = {isa = PBXBuildFile; fileRef = 005E15D125FC431D003CD008 /* ProfileSettingViewController.xib */; };
		005E15D725FC4849003CD008 /* MyVaccineHistoryViewController.swift in Sources */ = {isa = PBXBuildFile; fileRef = 005E15D525FC4849003CD008 /* MyVaccineHistoryViewController.swift */; };
		005E15D825FC4849003CD008 /* MyVaccineHistoryViewController.xib in Resources */ = {isa = PBXBuildFile; fileRef = 005E15D625FC4849003CD008 /* MyVaccineHistoryViewController.xib */; };
		005E15E225FC6890003CD008 /* CommentTableViewCell.swift in Sources */ = {isa = PBXBuildFile; fileRef = 005E15E025FC6890003CD008 /* CommentTableViewCell.swift */; };
		005E15E325FC6890003CD008 /* CommentTableViewCell.xib in Resources */ = {isa = PBXBuildFile; fileRef = 005E15E125FC6890003CD008 /* CommentTableViewCell.xib */; };
		005E15E825FC6A62003CD008 /* CommentsViewController.swift in Sources */ = {isa = PBXBuildFile; fileRef = 005E15E625FC6A62003CD008 /* CommentsViewController.swift */; };
		005E15E925FC6A62003CD008 /* CommentsViewController.xib in Resources */ = {isa = PBXBuildFile; fileRef = 005E15E725FC6A62003CD008 /* CommentsViewController.xib */; };
		102E1E9097720CB796BD8667 /* Pods_Covacting.framework in Frameworks */ = {isa = PBXBuildFile; fileRef = F56028EB919D568B055C9A80 /* Pods_Covacting.framework */; };
		AF35ED7725FB64B100EE1C9D /* AppDelegate.swift in Sources */ = {isa = PBXBuildFile; fileRef = AF35ED7625FB64B100EE1C9D /* AppDelegate.swift */; };
		AF35ED7925FB64B200EE1C9D /* SceneDelegate.swift in Sources */ = {isa = PBXBuildFile; fileRef = AF35ED7825FB64B200EE1C9D /* SceneDelegate.swift */; };
		AF35ED8025FB64B300EE1C9D /* Assets.xcassets in Resources */ = {isa = PBXBuildFile; fileRef = AF35ED7F25FB64B300EE1C9D /* Assets.xcassets */; };
		AF35ED8325FB64B300EE1C9D /* LaunchScreen.storyboard in Resources */ = {isa = PBXBuildFile; fileRef = AF35ED8125FB64B300EE1C9D /* LaunchScreen.storyboard */; };
		AF35ED9F25FB66DE00EE1C9D /* BaseTabBarController.swift in Sources */ = {isa = PBXBuildFile; fileRef = AF35ED9E25FB66DE00EE1C9D /* BaseTabBarController.swift */; };
		AF35EDA425FB66FF00EE1C9D /* BaseViewController.swift in Sources */ = {isa = PBXBuildFile; fileRef = AF35EDA325FB66FF00EE1C9D /* BaseViewController.swift */; };
		AF35EDA825FB680B00EE1C9D /* Device.swift in Sources */ = {isa = PBXBuildFile; fileRef = AF35EDA725FB680B00EE1C9D /* Device.swift */; };
		AF35EDAB25FB682300EE1C9D /* IndicatorView.swift in Sources */ = {isa = PBXBuildFile; fileRef = AF35EDAA25FB682300EE1C9D /* IndicatorView.swift */; };
		AF35EDAE25FB684D00EE1C9D /* Color.swift in Sources */ = {isa = PBXBuildFile; fileRef = AF35EDAD25FB684D00EE1C9D /* Color.swift */; };
		AF35EDB225FB686400EE1C9D /* String.swift in Sources */ = {isa = PBXBuildFile; fileRef = AF35EDB125FB686400EE1C9D /* String.swift */; };
		AF35EDB525FB688100EE1C9D /* Date.swift in Sources */ = {isa = PBXBuildFile; fileRef = AF35EDB425FB688100EE1C9D /* Date.swift */; };
		AF35EDB825FB68A200EE1C9D /* UIFont.swift in Sources */ = {isa = PBXBuildFile; fileRef = AF35EDB725FB68A200EE1C9D /* UIFont.swift */; };
		AF35EDBB25FB68EE00EE1C9D /* UIView.swift in Sources */ = {isa = PBXBuildFile; fileRef = AF35EDBA25FB68EE00EE1C9D /* UIView.swift */; };
		AF35EDBE25FB691100EE1C9D /* UIButton.swift in Sources */ = {isa = PBXBuildFile; fileRef = AF35EDBD25FB691100EE1C9D /* UIButton.swift */; };
		AF35EDC125FB692400EE1C9D /* UIViewController.swift in Sources */ = {isa = PBXBuildFile; fileRef = AF35EDC025FB692400EE1C9D /* UIViewController.swift */; };
		AF35EDC425FB693F00EE1C9D /* UINavigationBar.swift in Sources */ = {isa = PBXBuildFile; fileRef = AF35EDC325FB693F00EE1C9D /* UINavigationBar.swift */; };
		AF516D0F25FBD98700D664F2 /* tagCollectionViewCell.swift in Sources */ = {isa = PBXBuildFile; fileRef = AF516D0D25FBD98700D664F2 /* tagCollectionViewCell.swift */; };
		AF516D1025FBD98700D664F2 /* tagCollectionViewCell.xib in Resources */ = {isa = PBXBuildFile; fileRef = AF516D0E25FBD98700D664F2 /* tagCollectionViewCell.xib */; };
		AF516D1525FBE53300D664F2 /* ReviewTableViewCell.swift in Sources */ = {isa = PBXBuildFile; fileRef = AF516D1325FBE53300D664F2 /* ReviewTableViewCell.swift */; };
		AF516D1625FBE53300D664F2 /* ReviewTableViewCell.xib in Resources */ = {isa = PBXBuildFile; fileRef = AF516D1425FBE53300D664F2 /* ReviewTableViewCell.xib */; };
		AF516D1A25FBEB5500D664F2 /* HomeViewControllerProtocol.swift in Sources */ = {isa = PBXBuildFile; fileRef = AF516D1925FBEB5500D664F2 /* HomeViewControllerProtocol.swift */; };
		AF516D2625FBF7DC00D664F2 /* ReviewWriteViewController.swift in Sources */ = {isa = PBXBuildFile; fileRef = AF516D2425FBF7DC00D664F2 /* ReviewWriteViewController.swift */; };
		AF516D2725FBF7DC00D664F2 /* ReviewWriteViewController.xib in Resources */ = {isa = PBXBuildFile; fileRef = AF516D2525FBF7DC00D664F2 /* ReviewWriteViewController.xib */; };
		AF5A1B1425FB6C0800A68C15 /* Constant.swift in Sources */ = {isa = PBXBuildFile; fileRef = AF5A1B1325FB6C0800A68C15 /* Constant.swift */; };
		AF6F107625FC3F2300EA5EF1 /* HomeDataManager.swift in Sources */ = {isa = PBXBuildFile; fileRef = AF6F107525FC3F2300EA5EF1 /* HomeDataManager.swift */; };
		AF6F107A25FC3FB000EA5EF1 /* ReviewHomeResponse.swift in Sources */ = {isa = PBXBuildFile; fileRef = AF6F107925FC3FB000EA5EF1 /* ReviewHomeResponse.swift */; };
		AF7D2C2C25FC50DC00FF1730 /* ReviewWriteProtocol.swift in Sources */ = {isa = PBXBuildFile; fileRef = AF7D2C2B25FC50DC00FF1730 /* ReviewWriteProtocol.swift */; };
		AF7D2C3125FC517A00FF1730 /* ReviewWriteDataManager.swift in Sources */ = {isa = PBXBuildFile; fileRef = AF7D2C3025FC517A00FF1730 /* ReviewWriteDataManager.swift */; };
		AF7D2C3425FC51B100FF1730 /* ReviewWriteResponse.swift in Sources */ = {isa = PBXBuildFile; fileRef = AF7D2C3325FC51B100FF1730 /* ReviewWriteResponse.swift */; };
		AFF78D7D25FBAF8C003A8A2D /* HomeViewController.swift in Sources */ = {isa = PBXBuildFile; fileRef = AFF78D7B25FBAF8C003A8A2D /* HomeViewController.swift */; };
		AFF78D7E25FBAF8C003A8A2D /* HomeViewController.xib in Resources */ = {isa = PBXBuildFile; fileRef = AFF78D7C25FBAF8C003A8A2D /* HomeViewController.xib */; };
		AFF78D8425FBB717003A8A2D /* GmarketSansMedium.otf in Resources */ = {isa = PBXBuildFile; fileRef = AFF78D8125FBB717003A8A2D /* GmarketSansMedium.otf */; };
		AFF78D8525FBB717003A8A2D /* GmarketSansBold.otf in Resources */ = {isa = PBXBuildFile; fileRef = AFF78D8225FBB717003A8A2D /* GmarketSansBold.otf */; };
		AFF78D8625FBB717003A8A2D /* GmarketSansLight.otf in Resources */ = {isa = PBXBuildFile; fileRef = AFF78D8325FBB717003A8A2D /* GmarketSansLight.otf */; };
		AFF78D8925FBC0D2003A8A2D /* CALayer.swift in Sources */ = {isa = PBXBuildFile; fileRef = AFF78D8825FBC0D2003A8A2D /* CALayer.swift */; };
/* End PBXBuildFile section */

/* Begin PBXFileReference section */
		005E159725FBBAB5003CD008 /* VaccineInfoTableViewCell.swift */ = {isa = PBXFileReference; lastKnownFileType = sourcecode.swift; path = VaccineInfoTableViewCell.swift; sourceTree = "<group>"; };
		005E159825FBBAB5003CD008 /* VaccineInfoTableViewCell.xib */ = {isa = PBXFileReference; lastKnownFileType = file.xib; path = VaccineInfoTableViewCell.xib; sourceTree = "<group>"; };
		005E159C25FBBAE1003CD008 /* BlackHanSans-Regular.ttf */ = {isa = PBXFileReference; lastKnownFileType = file; path = "BlackHanSans-Regular.ttf"; sourceTree = "<group>"; };
		005E15A025FBBDF9003CD008 /* VaccineInfoViewController.swift */ = {isa = PBXFileReference; lastKnownFileType = sourcecode.swift; path = VaccineInfoViewController.swift; sourceTree = "<group>"; };
		005E15A125FBBDF9003CD008 /* VaccineInfoViewController.xib */ = {isa = PBXFileReference; lastKnownFileType = file.xib; path = VaccineInfoViewController.xib; sourceTree = "<group>"; };
		005E15AB25FBC2FD003CD008 /* InfoTableViewHeader.swift */ = {isa = PBXFileReference; lastKnownFileType = sourcecode.swift; path = InfoTableViewHeader.swift; sourceTree = "<group>"; };
		005E15AF25FBC35C003CD008 /* InfoTableViewHeader.xib */ = {isa = PBXFileReference; lastKnownFileType = file.xib; path = InfoTableViewHeader.xib; sourceTree = "<group>"; };
		005E15BD25FBCEE1003CD008 /* MyPageViewController.swift */ = {isa = PBXFileReference; lastKnownFileType = sourcecode.swift; path = MyPageViewController.swift; sourceTree = "<group>"; };
		005E15BE25FBCEE1003CD008 /* MyPageViewController.xib */ = {isa = PBXFileReference; lastKnownFileType = file.xib; path = MyPageViewController.xib; sourceTree = "<group>"; };
		005E15C625FC36AF003CD008 /* DetailViewController.swift */ = {isa = PBXFileReference; lastKnownFileType = sourcecode.swift; path = DetailViewController.swift; sourceTree = "<group>"; };
		005E15C725FC36AF003CD008 /* DetailViewController.xib */ = {isa = PBXFileReference; lastKnownFileType = file.xib; path = DetailViewController.xib; sourceTree = "<group>"; };
		005E15D025FC431D003CD008 /* ProfileSettingViewController.swift */ = {isa = PBXFileReference; lastKnownFileType = sourcecode.swift; path = ProfileSettingViewController.swift; sourceTree = "<group>"; };
		005E15D125FC431D003CD008 /* ProfileSettingViewController.xib */ = {isa = PBXFileReference; lastKnownFileType = file.xib; path = ProfileSettingViewController.xib; sourceTree = "<group>"; };
		005E15D525FC4849003CD008 /* MyVaccineHistoryViewController.swift */ = {isa = PBXFileReference; lastKnownFileType = sourcecode.swift; path = MyVaccineHistoryViewController.swift; sourceTree = "<group>"; };
		005E15D625FC4849003CD008 /* MyVaccineHistoryViewController.xib */ = {isa = PBXFileReference; lastKnownFileType = file.xib; path = MyVaccineHistoryViewController.xib; sourceTree = "<group>"; };
		005E15E025FC6890003CD008 /* CommentTableViewCell.swift */ = {isa = PBXFileReference; lastKnownFileType = sourcecode.swift; path = CommentTableViewCell.swift; sourceTree = "<group>"; };
		005E15E125FC6890003CD008 /* CommentTableViewCell.xib */ = {isa = PBXFileReference; lastKnownFileType = file.xib; path = CommentTableViewCell.xib; sourceTree = "<group>"; };
		005E15E625FC6A62003CD008 /* CommentsViewController.swift */ = {isa = PBXFileReference; lastKnownFileType = sourcecode.swift; path = CommentsViewController.swift; sourceTree = "<group>"; };
		005E15E725FC6A62003CD008 /* CommentsViewController.xib */ = {isa = PBXFileReference; lastKnownFileType = file.xib; path = CommentsViewController.xib; sourceTree = "<group>"; };
		59231794B92B1E18076A0FDB /* Pods-Covacting.release.xcconfig */ = {isa = PBXFileReference; includeInIndex = 1; lastKnownFileType = text.xcconfig; name = "Pods-Covacting.release.xcconfig"; path = "Target Support Files/Pods-Covacting/Pods-Covacting.release.xcconfig"; sourceTree = "<group>"; };
		AF35ED7325FB64B100EE1C9D /* Covacting.app */ = {isa = PBXFileReference; explicitFileType = wrapper.application; includeInIndex = 0; path = Covacting.app; sourceTree = BUILT_PRODUCTS_DIR; };
		AF35ED7625FB64B100EE1C9D /* AppDelegate.swift */ = {isa = PBXFileReference; lastKnownFileType = sourcecode.swift; path = AppDelegate.swift; sourceTree = "<group>"; };
		AF35ED7825FB64B200EE1C9D /* SceneDelegate.swift */ = {isa = PBXFileReference; lastKnownFileType = sourcecode.swift; path = SceneDelegate.swift; sourceTree = "<group>"; };
		AF35ED7F25FB64B300EE1C9D /* Assets.xcassets */ = {isa = PBXFileReference; lastKnownFileType = folder.assetcatalog; path = Assets.xcassets; sourceTree = "<group>"; };
		AF35ED8225FB64B300EE1C9D /* Base */ = {isa = PBXFileReference; lastKnownFileType = file.storyboard; name = Base; path = Base.lproj/LaunchScreen.storyboard; sourceTree = "<group>"; };
		AF35ED8425FB64B300EE1C9D /* Info.plist */ = {isa = PBXFileReference; lastKnownFileType = text.plist.xml; path = Info.plist; sourceTree = "<group>"; };
		AF35ED9E25FB66DE00EE1C9D /* BaseTabBarController.swift */ = {isa = PBXFileReference; lastKnownFileType = sourcecode.swift; path = BaseTabBarController.swift; sourceTree = "<group>"; };
		AF35EDA325FB66FF00EE1C9D /* BaseViewController.swift */ = {isa = PBXFileReference; lastKnownFileType = sourcecode.swift; path = BaseViewController.swift; sourceTree = "<group>"; };
		AF35EDA725FB680B00EE1C9D /* Device.swift */ = {isa = PBXFileReference; lastKnownFileType = sourcecode.swift; path = Device.swift; sourceTree = "<group>"; };
		AF35EDAA25FB682300EE1C9D /* IndicatorView.swift */ = {isa = PBXFileReference; lastKnownFileType = sourcecode.swift; path = IndicatorView.swift; sourceTree = "<group>"; };
		AF35EDAD25FB684D00EE1C9D /* Color.swift */ = {isa = PBXFileReference; lastKnownFileType = sourcecode.swift; path = Color.swift; sourceTree = "<group>"; };
		AF35EDB125FB686400EE1C9D /* String.swift */ = {isa = PBXFileReference; lastKnownFileType = sourcecode.swift; path = String.swift; sourceTree = "<group>"; };
		AF35EDB425FB688100EE1C9D /* Date.swift */ = {isa = PBXFileReference; lastKnownFileType = sourcecode.swift; path = Date.swift; sourceTree = "<group>"; };
		AF35EDB725FB68A200EE1C9D /* UIFont.swift */ = {isa = PBXFileReference; lastKnownFileType = sourcecode.swift; path = UIFont.swift; sourceTree = "<group>"; };
		AF35EDBA25FB68EE00EE1C9D /* UIView.swift */ = {isa = PBXFileReference; lastKnownFileType = sourcecode.swift; path = UIView.swift; sourceTree = "<group>"; };
		AF35EDBD25FB691100EE1C9D /* UIButton.swift */ = {isa = PBXFileReference; lastKnownFileType = sourcecode.swift; path = UIButton.swift; sourceTree = "<group>"; };
		AF35EDC025FB692400EE1C9D /* UIViewController.swift */ = {isa = PBXFileReference; lastKnownFileType = sourcecode.swift; path = UIViewController.swift; sourceTree = "<group>"; };
		AF35EDC325FB693F00EE1C9D /* UINavigationBar.swift */ = {isa = PBXFileReference; lastKnownFileType = sourcecode.swift; path = UINavigationBar.swift; sourceTree = "<group>"; };
		AF516D0D25FBD98700D664F2 /* tagCollectionViewCell.swift */ = {isa = PBXFileReference; lastKnownFileType = sourcecode.swift; path = tagCollectionViewCell.swift; sourceTree = "<group>"; };
		AF516D0E25FBD98700D664F2 /* tagCollectionViewCell.xib */ = {isa = PBXFileReference; lastKnownFileType = file.xib; path = tagCollectionViewCell.xib; sourceTree = "<group>"; };
		AF516D1325FBE53300D664F2 /* ReviewTableViewCell.swift */ = {isa = PBXFileReference; lastKnownFileType = sourcecode.swift; path = ReviewTableViewCell.swift; sourceTree = "<group>"; };
		AF516D1425FBE53300D664F2 /* ReviewTableViewCell.xib */ = {isa = PBXFileReference; lastKnownFileType = file.xib; path = ReviewTableViewCell.xib; sourceTree = "<group>"; };
		AF516D1925FBEB5500D664F2 /* HomeViewControllerProtocol.swift */ = {isa = PBXFileReference; lastKnownFileType = sourcecode.swift; path = HomeViewControllerProtocol.swift; sourceTree = "<group>"; };
		AF516D2425FBF7DC00D664F2 /* ReviewWriteViewController.swift */ = {isa = PBXFileReference; lastKnownFileType = sourcecode.swift; path = ReviewWriteViewController.swift; sourceTree = "<group>"; };
		AF516D2525FBF7DC00D664F2 /* ReviewWriteViewController.xib */ = {isa = PBXFileReference; lastKnownFileType = file.xib; path = ReviewWriteViewController.xib; sourceTree = "<group>"; };
		AF5A1B1325FB6C0800A68C15 /* Constant.swift */ = {isa = PBXFileReference; lastKnownFileType = sourcecode.swift; path = Constant.swift; sourceTree = "<group>"; };
		AF6F107525FC3F2300EA5EF1 /* HomeDataManager.swift */ = {isa = PBXFileReference; lastKnownFileType = sourcecode.swift; path = HomeDataManager.swift; sourceTree = "<group>"; };
		AF6F107925FC3FB000EA5EF1 /* ReviewHomeResponse.swift */ = {isa = PBXFileReference; lastKnownFileType = sourcecode.swift; path = ReviewHomeResponse.swift; sourceTree = "<group>"; };
		AF7D2C2B25FC50DC00FF1730 /* ReviewWriteProtocol.swift */ = {isa = PBXFileReference; lastKnownFileType = sourcecode.swift; path = ReviewWriteProtocol.swift; sourceTree = "<group>"; };
		AF7D2C3025FC517A00FF1730 /* ReviewWriteDataManager.swift */ = {isa = PBXFileReference; lastKnownFileType = sourcecode.swift; path = ReviewWriteDataManager.swift; sourceTree = "<group>"; };
		AF7D2C3325FC51B100FF1730 /* ReviewWriteResponse.swift */ = {isa = PBXFileReference; lastKnownFileType = sourcecode.swift; path = ReviewWriteResponse.swift; sourceTree = "<group>"; };
		AFF78D7B25FBAF8C003A8A2D /* HomeViewController.swift */ = {isa = PBXFileReference; lastKnownFileType = sourcecode.swift; path = HomeViewController.swift; sourceTree = "<group>"; };
		AFF78D7C25FBAF8C003A8A2D /* HomeViewController.xib */ = {isa = PBXFileReference; lastKnownFileType = file.xib; path = HomeViewController.xib; sourceTree = "<group>"; };
		AFF78D8125FBB717003A8A2D /* GmarketSansMedium.otf */ = {isa = PBXFileReference; lastKnownFileType = file; path = GmarketSansMedium.otf; sourceTree = "<group>"; };
		AFF78D8225FBB717003A8A2D /* GmarketSansBold.otf */ = {isa = PBXFileReference; lastKnownFileType = file; path = GmarketSansBold.otf; sourceTree = "<group>"; };
		AFF78D8325FBB717003A8A2D /* GmarketSansLight.otf */ = {isa = PBXFileReference; lastKnownFileType = file; path = GmarketSansLight.otf; sourceTree = "<group>"; };
		AFF78D8825FBC0D2003A8A2D /* CALayer.swift */ = {isa = PBXFileReference; lastKnownFileType = sourcecode.swift; path = CALayer.swift; sourceTree = "<group>"; };
		F56028EB919D568B055C9A80 /* Pods_Covacting.framework */ = {isa = PBXFileReference; explicitFileType = wrapper.framework; includeInIndex = 0; path = Pods_Covacting.framework; sourceTree = BUILT_PRODUCTS_DIR; };
		F9DB986C092933364A08C6C8 /* Pods-Covacting.debug.xcconfig */ = {isa = PBXFileReference; includeInIndex = 1; lastKnownFileType = text.xcconfig; name = "Pods-Covacting.debug.xcconfig"; path = "Target Support Files/Pods-Covacting/Pods-Covacting.debug.xcconfig"; sourceTree = "<group>"; };
/* End PBXFileReference section */

/* Begin PBXFrameworksBuildPhase section */
		AF35ED7025FB64B100EE1C9D /* Frameworks */ = {
			isa = PBXFrameworksBuildPhase;
			buildActionMask = 2147483647;
			files = (
				102E1E9097720CB796BD8667 /* Pods_Covacting.framework in Frameworks */,
			);
			runOnlyForDeploymentPostprocessing = 0;
		};
/* End PBXFrameworksBuildPhase section */

/* Begin PBXGroup section */
		005E158725FBB9E4003CD008 /* VaccineInfo */ = {
			isa = PBXGroup;
			children = (
				005E15A025FBBDF9003CD008 /* VaccineInfoViewController.swift */,
				005E15A125FBBDF9003CD008 /* VaccineInfoViewController.xib */,
				005E15C625FC36AF003CD008 /* DetailViewController.swift */,
				005E15C725FC36AF003CD008 /* DetailViewController.xib */,
				005E15C525FC3688003CD008 /* HeaderFooter */,
				005E158A25FBB9F8003CD008 /* Entity */,
				005E158925FBB9F2003CD008 /* DataManager */,
				005E158825FBB9EC003CD008 /* Cell */,
			);
			path = VaccineInfo;
			sourceTree = "<group>";
		};
		005E158825FBB9EC003CD008 /* Cell */ = {
			isa = PBXGroup;
			children = (
				005E159725FBBAB5003CD008 /* VaccineInfoTableViewCell.swift */,
				005E159825FBBAB5003CD008 /* VaccineInfoTableViewCell.xib */,
			);
			path = Cell;
			sourceTree = "<group>";
		};
		005E158925FBB9F2003CD008 /* DataManager */ = {
			isa = PBXGroup;
			children = (
			);
			path = DataManager;
			sourceTree = "<group>";
		};
		005E158A25FBB9F8003CD008 /* Entity */ = {
			isa = PBXGroup;
			children = (
			);
			path = Entity;
			sourceTree = "<group>";
		};
		005E15BA25FBCDC0003CD008 /* Mypage */ = {
			isa = PBXGroup;
			children = (
				005E15DF25FC6877003CD008 /* Cell */,
				005E15BC25FBCDEC003CD008 /* DataManager */,
				005E15BB25FBCDE2003CD008 /* Entity */,
				005E15BD25FBCEE1003CD008 /* MyPageViewController.swift */,
				005E15BE25FBCEE1003CD008 /* MyPageViewController.xib */,
				005E15D025FC431D003CD008 /* ProfileSettingViewController.swift */,
				005E15D125FC431D003CD008 /* ProfileSettingViewController.xib */,
				005E15D525FC4849003CD008 /* MyVaccineHistoryViewController.swift */,
				005E15D625FC4849003CD008 /* MyVaccineHistoryViewController.xib */,
				005E15E625FC6A62003CD008 /* CommentsViewController.swift */,
				005E15E725FC6A62003CD008 /* CommentsViewController.xib */,
			);
			path = Mypage;
			sourceTree = "<group>";
		};
		005E15BB25FBCDE2003CD008 /* Entity */ = {
			isa = PBXGroup;
			children = (
			);
			path = Entity;
			sourceTree = "<group>";
		};
		005E15BC25FBCDEC003CD008 /* DataManager */ = {
			isa = PBXGroup;
			children = (
			);
			path = DataManager;
			sourceTree = "<group>";
		};
		005E15C525FC3688003CD008 /* HeaderFooter */ = {
			isa = PBXGroup;
			children = (
				005E15AB25FBC2FD003CD008 /* InfoTableViewHeader.swift */,
				005E15AF25FBC35C003CD008 /* InfoTableViewHeader.xib */,
			);
			path = HeaderFooter;
			sourceTree = "<group>";
		};
		005E15DF25FC6877003CD008 /* Cell */ = {
			isa = PBXGroup;
			children = (
				005E15E025FC6890003CD008 /* CommentTableViewCell.swift */,
				005E15E125FC6890003CD008 /* CommentTableViewCell.xib */,
			);
			path = Cell;
			sourceTree = "<group>";
		};
		6FE1F183E181F910A49860EE /* Pods */ = {
			isa = PBXGroup;
			children = (
				F9DB986C092933364A08C6C8 /* Pods-Covacting.debug.xcconfig */,
				59231794B92B1E18076A0FDB /* Pods-Covacting.release.xcconfig */,
			);
			path = Pods;
			sourceTree = "<group>";
		};
		AF17140325FBAC190075F56D /* Home */ = {
			isa = PBXGroup;
			children = (
				AF6F107425FC3EFD00EA5EF1 /* Entity */,
				AF6F107325FC3EF500EA5EF1 /* DataManager */,
				AF516D1825FBEB4800D664F2 /* Protocol */,
				AF516D0A25FBD95F00D664F2 /* Cell */,
				AFF78D7B25FBAF8C003A8A2D /* HomeViewController.swift */,
				AFF78D7C25FBAF8C003A8A2D /* HomeViewController.xib */,
			);
			path = Home;
			sourceTree = "<group>";
		};
		AF35ED6A25FB64B100EE1C9D = {
			isa = PBXGroup;
			children = (
				AF35ED7525FB64B100EE1C9D /* Covacting */,
				AF35ED7425FB64B100EE1C9D /* Products */,
				6FE1F183E181F910A49860EE /* Pods */,
				B99430F4731F092DE2ABB432 /* Frameworks */,
			);
			sourceTree = "<group>";
		};
		AF35ED7425FB64B100EE1C9D /* Products */ = {
			isa = PBXGroup;
			children = (
				AF35ED7325FB64B100EE1C9D /* Covacting.app */,
			);
			name = Products;
			sourceTree = "<group>";
		};
		AF35ED7525FB64B100EE1C9D /* Covacting */ = {
			isa = PBXGroup;
			children = (
				005E15BA25FBCDC0003CD008 /* Mypage */,
				005E158725FBB9E4003CD008 /* VaccineInfo */,
				AF35ED8F25FB654C00EE1C9D /* Configuration */,
				AF35ED8E25FB654200EE1C9D /* Splash */,
				AF35ED8C25FB651800EE1C9D /* Main */,
				AF35ED7625FB64B100EE1C9D /* AppDelegate.swift */,
				AF35ED7825FB64B200EE1C9D /* SceneDelegate.swift */,
				AF35ED7F25FB64B300EE1C9D /* Assets.xcassets */,
				AF35ED8425FB64B300EE1C9D /* Info.plist */,
			);
			path = Covacting;
			sourceTree = "<group>";
		};
		AF35ED8C25FB651800EE1C9D /* Main */ = {
			isa = PBXGroup;
			children = (
				AF516D1D25FBF59100D664F2 /* Review */,
				AFF78D8E25FBC6A6003A8A2D /* CommonCell */,
				AF17140325FBAC190075F56D /* Home */,
			);
			path = Main;
			sourceTree = "<group>";
		};
		AF35ED8E25FB654200EE1C9D /* Splash */ = {
			isa = PBXGroup;
			children = (
				AF35ED8125FB64B300EE1C9D /* LaunchScreen.storyboard */,
			);
			path = Splash;
			sourceTree = "<group>";
		};
		AF35ED8F25FB654C00EE1C9D /* Configuration */ = {
			isa = PBXGroup;
			children = (
				AF5A1B1325FB6C0800A68C15 /* Constant.swift */,
				AF35ED9825FB668700EE1C9D /* Font */,
				AF35ED9725FB668000EE1C9D /* Extension */,
				AF35ED9625FB667700EE1C9D /* CommonClass */,
				AF35ED9325FB664900EE1C9D /* Base */,
			);
			path = Configuration;
			sourceTree = "<group>";
		};
		AF35ED9325FB664900EE1C9D /* Base */ = {
			isa = PBXGroup;
			children = (
				AF35EDA325FB66FF00EE1C9D /* BaseViewController.swift */,
				AF35ED9E25FB66DE00EE1C9D /* BaseTabBarController.swift */,
			);
			path = Base;
			sourceTree = "<group>";
		};
		AF35ED9625FB667700EE1C9D /* CommonClass */ = {
			isa = PBXGroup;
			children = (
				AF35EDAA25FB682300EE1C9D /* IndicatorView.swift */,
				AF35EDA725FB680B00EE1C9D /* Device.swift */,
			);
			path = CommonClass;
			sourceTree = "<group>";
		};
		AF35ED9725FB668000EE1C9D /* Extension */ = {
			isa = PBXGroup;
			children = (
				AF35EDAD25FB684D00EE1C9D /* Color.swift */,
				AF35EDB125FB686400EE1C9D /* String.swift */,
				AF35EDB425FB688100EE1C9D /* Date.swift */,
				AF35EDB725FB68A200EE1C9D /* UIFont.swift */,
				AF35EDBA25FB68EE00EE1C9D /* UIView.swift */,
				AF35EDBD25FB691100EE1C9D /* UIButton.swift */,
				AF35EDC025FB692400EE1C9D /* UIViewController.swift */,
				AF35EDC325FB693F00EE1C9D /* UINavigationBar.swift */,
				AFF78D8825FBC0D2003A8A2D /* CALayer.swift */,
			);
			path = Extension;
			sourceTree = "<group>";
		};
		AF35ED9825FB668700EE1C9D /* Font */ = {
			isa = PBXGroup;
			children = (
				005E159C25FBBAE1003CD008 /* BlackHanSans-Regular.ttf */,
				AFF78D8225FBB717003A8A2D /* GmarketSansBold.otf */,
				AFF78D8325FBB717003A8A2D /* GmarketSansLight.otf */,
				AFF78D8125FBB717003A8A2D /* GmarketSansMedium.otf */,
			);
			path = Font;
			sourceTree = "<group>";
		};
		AF516D0A25FBD95F00D664F2 /* Cell */ = {
			isa = PBXGroup;
			children = (
				AF516D0D25FBD98700D664F2 /* tagCollectionViewCell.swift */,
				AF516D0E25FBD98700D664F2 /* tagCollectionViewCell.xib */,
			);
			path = Cell;
			sourceTree = "<group>";
		};
		AF516D1825FBEB4800D664F2 /* Protocol */ = {
			isa = PBXGroup;
			children = (
				AF516D1925FBEB5500D664F2 /* HomeViewControllerProtocol.swift */,
			);
			path = Protocol;
			sourceTree = "<group>";
		};
		AF516D1D25FBF59100D664F2 /* Review */ = {
			isa = PBXGroup;
			children = (
				AF516D1E25FBF59D00D664F2 /* Write */,
			);
			path = Review;
			sourceTree = "<group>";
		};
		AF516D1E25FBF59D00D664F2 /* Write */ = {
			isa = PBXGroup;
			children = (
				AF7D2C2F25FC512800FF1730 /* Entity */,
				AF7D2C2E25FC512300FF1730 /* DataManager */,
				AF7D2C2A25FC50C000FF1730 /* Protocol */,
				AF516D2425FBF7DC00D664F2 /* ReviewWriteViewController.swift */,
				AF516D2525FBF7DC00D664F2 /* ReviewWriteViewController.xib */,
			);
			path = Write;
			sourceTree = "<group>";
		};
		AF6F107325FC3EF500EA5EF1 /* DataManager */ = {
			isa = PBXGroup;
			children = (
				AF6F107525FC3F2300EA5EF1 /* HomeDataManager.swift */,
			);
			path = DataManager;
			sourceTree = "<group>";
		};
		AF6F107425FC3EFD00EA5EF1 /* Entity */ = {
			isa = PBXGroup;
			children = (
				AF6F107925FC3FB000EA5EF1 /* ReviewHomeResponse.swift */,
			);
			path = Entity;
			sourceTree = "<group>";
		};
		AF7D2C2A25FC50C000FF1730 /* Protocol */ = {
			isa = PBXGroup;
			children = (
				AF7D2C2B25FC50DC00FF1730 /* ReviewWriteProtocol.swift */,
			);
			path = Protocol;
			sourceTree = "<group>";
		};
		AF7D2C2E25FC512300FF1730 /* DataManager */ = {
			isa = PBXGroup;
			children = (
				AF7D2C3025FC517A00FF1730 /* ReviewWriteDataManager.swift */,
			);
			path = DataManager;
			sourceTree = "<group>";
		};
		AF7D2C2F25FC512800FF1730 /* Entity */ = {
			isa = PBXGroup;
			children = (
				AF7D2C3325FC51B100FF1730 /* ReviewWriteResponse.swift */,
			);
			path = Entity;
			sourceTree = "<group>";
		};
		AFF78D8E25FBC6A6003A8A2D /* CommonCell */ = {
			isa = PBXGroup;
			children = (
				AFF78D8F25FBC6AE003A8A2D /* ReviewTableViewCell */,
			);
			path = CommonCell;
			sourceTree = "<group>";
		};
		AFF78D8F25FBC6AE003A8A2D /* ReviewTableViewCell */ = {
			isa = PBXGroup;
			children = (
				AF516D1325FBE53300D664F2 /* ReviewTableViewCell.swift */,
				AF516D1425FBE53300D664F2 /* ReviewTableViewCell.xib */,
			);
			path = ReviewTableViewCell;
			sourceTree = "<group>";
		};
		B99430F4731F092DE2ABB432 /* Frameworks */ = {
			isa = PBXGroup;
			children = (
				F56028EB919D568B055C9A80 /* Pods_Covacting.framework */,
			);
			name = Frameworks;
			sourceTree = "<group>";
		};
/* End PBXGroup section */

/* Begin PBXNativeTarget section */
		AF35ED7225FB64B100EE1C9D /* Covacting */ = {
			isa = PBXNativeTarget;
			buildConfigurationList = AF35ED8725FB64B300EE1C9D /* Build configuration list for PBXNativeTarget "Covacting" */;
			buildPhases = (
				06A60F6AA54EBDB26BE5295A /* [CP] Check Pods Manifest.lock */,
				AF35ED6F25FB64B100EE1C9D /* Sources */,
				AF35ED7025FB64B100EE1C9D /* Frameworks */,
				AF35ED7125FB64B100EE1C9D /* Resources */,
				3FE0A268F813545D1F311264 /* [CP] Embed Pods Frameworks */,
			);
			buildRules = (
			);
			dependencies = (
			);
			name = Covacting;
			productName = Covacting;
			productReference = AF35ED7325FB64B100EE1C9D /* Covacting.app */;
			productType = "com.apple.product-type.application";
		};
/* End PBXNativeTarget section */

/* Begin PBXProject section */
		AF35ED6B25FB64B100EE1C9D /* Project object */ = {
			isa = PBXProject;
			attributes = {
				LastSwiftUpdateCheck = 1240;
				LastUpgradeCheck = 1240;
				TargetAttributes = {
					AF35ED7225FB64B100EE1C9D = {
						CreatedOnToolsVersion = 12.4;
					};
				};
			};
			buildConfigurationList = AF35ED6E25FB64B100EE1C9D /* Build configuration list for PBXProject "Covacting" */;
			compatibilityVersion = "Xcode 9.3";
			developmentRegion = en;
			hasScannedForEncodings = 0;
			knownRegions = (
				en,
				Base,
			);
			mainGroup = AF35ED6A25FB64B100EE1C9D;
			productRefGroup = AF35ED7425FB64B100EE1C9D /* Products */;
			projectDirPath = "";
			projectRoot = "";
			targets = (
				AF35ED7225FB64B100EE1C9D /* Covacting */,
			);
		};
/* End PBXProject section */

/* Begin PBXResourcesBuildPhase section */
		AF35ED7125FB64B100EE1C9D /* Resources */ = {
			isa = PBXResourcesBuildPhase;
			buildActionMask = 2147483647;
			files = (
				005E15C025FBCEE1003CD008 /* MyPageViewController.xib in Resources */,
				005E15D825FC4849003CD008 /* MyVaccineHistoryViewController.xib in Resources */,
				005E15B025FBC35C003CD008 /* InfoTableViewHeader.xib in Resources */,
				AF35ED8325FB64B300EE1C9D /* LaunchScreen.storyboard in Resources */,
				005E15C925FC36AF003CD008 /* DetailViewController.xib in Resources */,
				005E15D325FC431D003CD008 /* ProfileSettingViewController.xib in Resources */,
				005E15A325FBBDF9003CD008 /* VaccineInfoViewController.xib in Resources */,
				005E159D25FBBAE1003CD008 /* BlackHanSans-Regular.ttf in Resources */,
				005E15E925FC6A62003CD008 /* CommentsViewController.xib in Resources */,
				005E15E325FC6890003CD008 /* CommentTableViewCell.xib in Resources */,
				AF35ED8025FB64B300EE1C9D /* Assets.xcassets in Resources */,
				005E159A25FBBAB5003CD008 /* VaccineInfoTableViewCell.xib in Resources */,
				AFF78D8525FBB717003A8A2D /* GmarketSansBold.otf in Resources */,
				AF516D1025FBD98700D664F2 /* tagCollectionViewCell.xib in Resources */,
				AFF78D8625FBB717003A8A2D /* GmarketSansLight.otf in Resources */,
				AF35ED8325FB64B300EE1C9D /* LaunchScreen.storyboard in Resources */,
				AFF78D8425FBB717003A8A2D /* GmarketSansMedium.otf in Resources */,
				AF516D1625FBE53300D664F2 /* ReviewTableViewCell.xib in Resources */,
				AF35ED8025FB64B300EE1C9D /* Assets.xcassets in Resources */,
				AFF78D7E25FBAF8C003A8A2D /* HomeViewController.xib in Resources */,
				AF516D2725FBF7DC00D664F2 /* ReviewWriteViewController.xib in Resources */,
			);
			runOnlyForDeploymentPostprocessing = 0;
		};
/* End PBXResourcesBuildPhase section */

/* Begin PBXShellScriptBuildPhase section */
		06A60F6AA54EBDB26BE5295A /* [CP] Check Pods Manifest.lock */ = {
			isa = PBXShellScriptBuildPhase;
			buildActionMask = 2147483647;
			files = (
			);
			inputFileListPaths = (
			);
			inputPaths = (
				"${PODS_PODFILE_DIR_PATH}/Podfile.lock",
				"${PODS_ROOT}/Manifest.lock",
			);
			name = "[CP] Check Pods Manifest.lock";
			outputFileListPaths = (
			);
			outputPaths = (
				"$(DERIVED_FILE_DIR)/Pods-Covacting-checkManifestLockResult.txt",
			);
			runOnlyForDeploymentPostprocessing = 0;
			shellPath = /bin/sh;
			shellScript = "diff \"${PODS_PODFILE_DIR_PATH}/Podfile.lock\" \"${PODS_ROOT}/Manifest.lock\" > /dev/null\nif [ $? != 0 ] ; then\n    # print error to STDERR\n    echo \"error: The sandbox is not in sync with the Podfile.lock. Run 'pod install' or update your CocoaPods installation.\" >&2\n    exit 1\nfi\n# This output is used by Xcode 'outputs' to avoid re-running this script phase.\necho \"SUCCESS\" > \"${SCRIPT_OUTPUT_FILE_0}\"\n";
			showEnvVarsInLog = 0;
		};
		3FE0A268F813545D1F311264 /* [CP] Embed Pods Frameworks */ = {
			isa = PBXShellScriptBuildPhase;
			buildActionMask = 2147483647;
			files = (
			);
			inputFileListPaths = (
				"${PODS_ROOT}/Target Support Files/Pods-Covacting/Pods-Covacting-frameworks-${CONFIGURATION}-input-files.xcfilelist",
			);
			name = "[CP] Embed Pods Frameworks";
			outputFileListPaths = (
				"${PODS_ROOT}/Target Support Files/Pods-Covacting/Pods-Covacting-frameworks-${CONFIGURATION}-output-files.xcfilelist",
			);
			runOnlyForDeploymentPostprocessing = 0;
			shellPath = /bin/sh;
			shellScript = "\"${PODS_ROOT}/Target Support Files/Pods-Covacting/Pods-Covacting-frameworks.sh\"\n";
			showEnvVarsInLog = 0;
		};
/* End PBXShellScriptBuildPhase section */

/* Begin PBXSourcesBuildPhase section */
		AF35ED6F25FB64B100EE1C9D /* Sources */ = {
			isa = PBXSourcesBuildPhase;
			buildActionMask = 2147483647;
			files = (
				005E15BF25FBCEE1003CD008 /* MyPageViewController.swift in Sources */,
				AF35EDC125FB692400EE1C9D /* UIViewController.swift in Sources */,
				005E159925FBBAB5003CD008 /* VaccineInfoTableViewCell.swift in Sources */,
				005E15E225FC6890003CD008 /* CommentTableViewCell.swift in Sources */,
				AF35ED7725FB64B100EE1C9D /* AppDelegate.swift in Sources */,
				AF5A1B1425FB6C0800A68C15 /* Constant.swift in Sources */,
				AF7D2C2C25FC50DC00FF1730 /* ReviewWriteProtocol.swift in Sources */,
				AF7D2C3425FC51B100FF1730 /* ReviewWriteResponse.swift in Sources */,
				AF35EDBE25FB691100EE1C9D /* UIButton.swift in Sources */,
				AF35EDB525FB688100EE1C9D /* Date.swift in Sources */,
				005E15D725FC4849003CD008 /* MyVaccineHistoryViewController.swift in Sources */,
				005E15C825FC36AF003CD008 /* DetailViewController.swift in Sources */,
				005E15AC25FBC2FD003CD008 /* InfoTableViewHeader.swift in Sources */,
				AF35ED9F25FB66DE00EE1C9D /* BaseViewController.swift in Sources */,
				AF35EDA425FB66FF00EE1C9D /* BaseTabBarController.swift in Sources */,
				AF35ED9F25FB66DE00EE1C9D /* BaseTabBarController.swift in Sources */,
				AF7D2C3125FC517A00FF1730 /* ReviewWriteDataManager.swift in Sources */,
				AF35EDA425FB66FF00EE1C9D /* BaseViewController.swift in Sources */,
				AF35EDBB25FB68EE00EE1C9D /* UIView.swift in Sources */,
				AF35EDB225FB686400EE1C9D /* String.swift in Sources */,
				AFF78D8925FBC0D2003A8A2D /* CALayer.swift in Sources */,
				AF35EDAB25FB682300EE1C9D /* IndicatorView.swift in Sources */,
				AF35EDC425FB693F00EE1C9D /* UINavigationBar.swift in Sources */,
				005E15A225FBBDF9003CD008 /* VaccineInfoViewController.swift in Sources */,
				AF6F107625FC3F2300EA5EF1 /* HomeDataManager.swift in Sources */,
				AFF78D7D25FBAF8C003A8A2D /* HomeViewController.swift in Sources */,
				AF35EDB825FB68A200EE1C9D /* UIFont.swift in Sources */,
				AF35EDA825FB680B00EE1C9D /* Device.swift in Sources */,
				005E15E825FC6A62003CD008 /* CommentsViewController.swift in Sources */,
				AF35EDAE25FB684D00EE1C9D /* Color.swift in Sources */,
				AF35ED7925FB64B200EE1C9D /* SceneDelegate.swift in Sources */,
				005E15D225FC431D003CD008 /* ProfileSettingViewController.swift in Sources */,
				AF516D2625FBF7DC00D664F2 /* ReviewWriteViewController.swift in Sources */,
				AF516D0F25FBD98700D664F2 /* tagCollectionViewCell.swift in Sources */,
				AF6F107A25FC3FB000EA5EF1 /* ReviewHomeResponse.swift in Sources */,
				AF516D1A25FBEB5500D664F2 /* HomeViewControllerProtocol.swift in Sources */,
				AF516D1525FBE53300D664F2 /* ReviewTableViewCell.swift in Sources */,
			);
			runOnlyForDeploymentPostprocessing = 0;
		};
/* End PBXSourcesBuildPhase section */

/* Begin PBXVariantGroup section */
		AF35ED8125FB64B300EE1C9D /* LaunchScreen.storyboard */ = {
			isa = PBXVariantGroup;
			children = (
				AF35ED8225FB64B300EE1C9D /* Base */,
			);
			name = LaunchScreen.storyboard;
			sourceTree = "<group>";
		};
/* End PBXVariantGroup section */

/* Begin XCBuildConfiguration section */
		AF35ED8525FB64B300EE1C9D /* Debug */ = {
			isa = XCBuildConfiguration;
			buildSettings = {
				ALWAYS_SEARCH_USER_PATHS = NO;
				CLANG_ANALYZER_NONNULL = YES;
				CLANG_ANALYZER_NUMBER_OBJECT_CONVERSION = YES_AGGRESSIVE;
				CLANG_CXX_LANGUAGE_STANDARD = "gnu++14";
				CLANG_CXX_LIBRARY = "libc++";
				CLANG_ENABLE_MODULES = YES;
				CLANG_ENABLE_OBJC_ARC = YES;
				CLANG_ENABLE_OBJC_WEAK = YES;
				CLANG_WARN_BLOCK_CAPTURE_AUTORELEASING = YES;
				CLANG_WARN_BOOL_CONVERSION = YES;
				CLANG_WARN_COMMA = YES;
				CLANG_WARN_CONSTANT_CONVERSION = YES;
				CLANG_WARN_DEPRECATED_OBJC_IMPLEMENTATIONS = YES;
				CLANG_WARN_DIRECT_OBJC_ISA_USAGE = YES_ERROR;
				CLANG_WARN_DOCUMENTATION_COMMENTS = YES;
				CLANG_WARN_EMPTY_BODY = YES;
				CLANG_WARN_ENUM_CONVERSION = YES;
				CLANG_WARN_INFINITE_RECURSION = YES;
				CLANG_WARN_INT_CONVERSION = YES;
				CLANG_WARN_NON_LITERAL_NULL_CONVERSION = YES;
				CLANG_WARN_OBJC_IMPLICIT_RETAIN_SELF = YES;
				CLANG_WARN_OBJC_LITERAL_CONVERSION = YES;
				CLANG_WARN_OBJC_ROOT_CLASS = YES_ERROR;
				CLANG_WARN_QUOTED_INCLUDE_IN_FRAMEWORK_HEADER = YES;
				CLANG_WARN_RANGE_LOOP_ANALYSIS = YES;
				CLANG_WARN_STRICT_PROTOTYPES = YES;
				CLANG_WARN_SUSPICIOUS_MOVE = YES;
				CLANG_WARN_UNGUARDED_AVAILABILITY = YES_AGGRESSIVE;
				CLANG_WARN_UNREACHABLE_CODE = YES;
				CLANG_WARN__DUPLICATE_METHOD_MATCH = YES;
				COPY_PHASE_STRIP = NO;
				DEBUG_INFORMATION_FORMAT = dwarf;
				ENABLE_STRICT_OBJC_MSGSEND = YES;
				ENABLE_TESTABILITY = YES;
				GCC_C_LANGUAGE_STANDARD = gnu11;
				GCC_DYNAMIC_NO_PIC = NO;
				GCC_NO_COMMON_BLOCKS = YES;
				GCC_OPTIMIZATION_LEVEL = 0;
				GCC_PREPROCESSOR_DEFINITIONS = (
					"DEBUG=1",
					"$(inherited)",
				);
				GCC_WARN_64_TO_32_BIT_CONVERSION = YES;
				GCC_WARN_ABOUT_RETURN_TYPE = YES_ERROR;
				GCC_WARN_UNDECLARED_SELECTOR = YES;
				GCC_WARN_UNINITIALIZED_AUTOS = YES_AGGRESSIVE;
				GCC_WARN_UNUSED_FUNCTION = YES;
				GCC_WARN_UNUSED_VARIABLE = YES;
				IPHONEOS_DEPLOYMENT_TARGET = 14.4;
				MTL_ENABLE_DEBUG_INFO = INCLUDE_SOURCE;
				MTL_FAST_MATH = YES;
				ONLY_ACTIVE_ARCH = YES;
				SDKROOT = iphoneos;
				SWIFT_ACTIVE_COMPILATION_CONDITIONS = DEBUG;
				SWIFT_OPTIMIZATION_LEVEL = "-Onone";
			};
			name = Debug;
		};
		AF35ED8625FB64B300EE1C9D /* Release */ = {
			isa = XCBuildConfiguration;
			buildSettings = {
				ALWAYS_SEARCH_USER_PATHS = NO;
				CLANG_ANALYZER_NONNULL = YES;
				CLANG_ANALYZER_NUMBER_OBJECT_CONVERSION = YES_AGGRESSIVE;
				CLANG_CXX_LANGUAGE_STANDARD = "gnu++14";
				CLANG_CXX_LIBRARY = "libc++";
				CLANG_ENABLE_MODULES = YES;
				CLANG_ENABLE_OBJC_ARC = YES;
				CLANG_ENABLE_OBJC_WEAK = YES;
				CLANG_WARN_BLOCK_CAPTURE_AUTORELEASING = YES;
				CLANG_WARN_BOOL_CONVERSION = YES;
				CLANG_WARN_COMMA = YES;
				CLANG_WARN_CONSTANT_CONVERSION = YES;
				CLANG_WARN_DEPRECATED_OBJC_IMPLEMENTATIONS = YES;
				CLANG_WARN_DIRECT_OBJC_ISA_USAGE = YES_ERROR;
				CLANG_WARN_DOCUMENTATION_COMMENTS = YES;
				CLANG_WARN_EMPTY_BODY = YES;
				CLANG_WARN_ENUM_CONVERSION = YES;
				CLANG_WARN_INFINITE_RECURSION = YES;
				CLANG_WARN_INT_CONVERSION = YES;
				CLANG_WARN_NON_LITERAL_NULL_CONVERSION = YES;
				CLANG_WARN_OBJC_IMPLICIT_RETAIN_SELF = YES;
				CLANG_WARN_OBJC_LITERAL_CONVERSION = YES;
				CLANG_WARN_OBJC_ROOT_CLASS = YES_ERROR;
				CLANG_WARN_QUOTED_INCLUDE_IN_FRAMEWORK_HEADER = YES;
				CLANG_WARN_RANGE_LOOP_ANALYSIS = YES;
				CLANG_WARN_STRICT_PROTOTYPES = YES;
				CLANG_WARN_SUSPICIOUS_MOVE = YES;
				CLANG_WARN_UNGUARDED_AVAILABILITY = YES_AGGRESSIVE;
				CLANG_WARN_UNREACHABLE_CODE = YES;
				CLANG_WARN__DUPLICATE_METHOD_MATCH = YES;
				COPY_PHASE_STRIP = NO;
				DEBUG_INFORMATION_FORMAT = "dwarf-with-dsym";
				ENABLE_NS_ASSERTIONS = NO;
				ENABLE_STRICT_OBJC_MSGSEND = YES;
				GCC_C_LANGUAGE_STANDARD = gnu11;
				GCC_NO_COMMON_BLOCKS = YES;
				GCC_WARN_64_TO_32_BIT_CONVERSION = YES;
				GCC_WARN_ABOUT_RETURN_TYPE = YES_ERROR;
				GCC_WARN_UNDECLARED_SELECTOR = YES;
				GCC_WARN_UNINITIALIZED_AUTOS = YES_AGGRESSIVE;
				GCC_WARN_UNUSED_FUNCTION = YES;
				GCC_WARN_UNUSED_VARIABLE = YES;
				IPHONEOS_DEPLOYMENT_TARGET = 14.4;
				MTL_ENABLE_DEBUG_INFO = NO;
				MTL_FAST_MATH = YES;
				SDKROOT = iphoneos;
				SWIFT_COMPILATION_MODE = wholemodule;
				SWIFT_OPTIMIZATION_LEVEL = "-O";
				VALIDATE_PRODUCT = YES;
			};
			name = Release;
		};
		AF35ED8825FB64B300EE1C9D /* Debug */ = {
			isa = XCBuildConfiguration;
			baseConfigurationReference = F9DB986C092933364A08C6C8 /* Pods-Covacting.debug.xcconfig */;
			buildSettings = {
				ASSETCATALOG_COMPILER_APPICON_NAME = AppIcon;
				ASSETCATALOG_COMPILER_GLOBAL_ACCENT_COLOR_NAME = AccentColor;
				CODE_SIGN_STYLE = Automatic;
				DEVELOPMENT_TEAM = KQS5CL5P74;
				INFOPLIST_FILE = Covacting/Info.plist;
				LD_RUNPATH_SEARCH_PATHS = (
					"$(inherited)",
					"@executable_path/Frameworks",
				);
				PRODUCT_BUNDLE_IDENTIFIER = com.MakeusHackathon5Team.Covacting;
				PRODUCT_NAME = "$(TARGET_NAME)";
				SWIFT_VERSION = 5.0;
				TARGETED_DEVICE_FAMILY = "1,2";
			};
			name = Debug;
		};
		AF35ED8925FB64B300EE1C9D /* Release */ = {
			isa = XCBuildConfiguration;
			baseConfigurationReference = 59231794B92B1E18076A0FDB /* Pods-Covacting.release.xcconfig */;
			buildSettings = {
				ASSETCATALOG_COMPILER_APPICON_NAME = AppIcon;
				ASSETCATALOG_COMPILER_GLOBAL_ACCENT_COLOR_NAME = AccentColor;
				CODE_SIGN_STYLE = Automatic;
				DEVELOPMENT_TEAM = KQS5CL5P74;
				INFOPLIST_FILE = Covacting/Info.plist;
				LD_RUNPATH_SEARCH_PATHS = (
					"$(inherited)",
					"@executable_path/Frameworks",
				);
				PRODUCT_BUNDLE_IDENTIFIER = com.MakeusHackathon5Team.Covacting;
				PRODUCT_NAME = "$(TARGET_NAME)";
				SWIFT_VERSION = 5.0;
				TARGETED_DEVICE_FAMILY = "1,2";
			};
			name = Release;
		};
/* End XCBuildConfiguration section */

/* Begin XCConfigurationList section */
		AF35ED6E25FB64B100EE1C9D /* Build configuration list for PBXProject "Covacting" */ = {
			isa = XCConfigurationList;
			buildConfigurations = (
				AF35ED8525FB64B300EE1C9D /* Debug */,
				AF35ED8625FB64B300EE1C9D /* Release */,
			);
			defaultConfigurationIsVisible = 0;
			defaultConfigurationName = Release;
		};
		AF35ED8725FB64B300EE1C9D /* Build configuration list for PBXNativeTarget "Covacting" */ = {
			isa = XCConfigurationList;
			buildConfigurations = (
				AF35ED8825FB64B300EE1C9D /* Debug */,
				AF35ED8925FB64B300EE1C9D /* Release */,
			);
			defaultConfigurationIsVisible = 0;
			defaultConfigurationName = Release;
		};
/* End XCConfigurationList section */
	};
	rootObject = AF35ED6B25FB64B100EE1C9D /* Project object */;
}
